
Microsoft Visual Studio Solution File, Format Version 12.00
# Visual Studio Version 16
VisualStudioVersion = 16.0.31129.286
MinimumVisualStudioVersion = 10.0.40219.1
Project("{8BC9CEB8-8B4A-11D0-8D11-00A0C91BC942}") = "HelloCov", "HelloCov\HelloCov.vcxproj", "{51CCB21A-EBE0-4B94-84BB-A9B3EC71B910}"
EndProject
Project("{8BC9CEB8-8B4A-11D0-8D11-00A0C91BC942}") = "HelloTest", "HelloTest\HelloTest.vcxproj", "{933C6FEE-1C97-4FB5-931A-49495B138377}"
EndProject
Global
	GlobalSection(SolutionConfigurationPlatforms) = preSolution
		Debug|x64 = Debug|x64
		Debug|x86 = Debug|x86
		Release|x64 = Release|x64
		Release|x86 = Release|x86
	EndGlobalSection
	GlobalSection(ProjectConfigurationPlatforms) = postSolution
		{51CCB21A-EBE0-4B94-84BB-A9B3EC71B910}.Debug|x64.ActiveCfg = Debug|x64
		{51CCB21A-EBE0-4B94-84BB-A9B3EC71B910}.Debug|x64.Build.0 = Debug|x64
		{51CCB21A-EBE0-4B94-84BB-A9B3EC71B910}.Debug|x86.ActiveCfg = Debug|Win32
		{51CCB21A-EBE0-4B94-84BB-A9B3EC71B910}.Debug|x86.Build.0 = Debug|Win32
		{51CCB21A-EBE0-4B94-84BB-A9B3EC71B910}.Release|x64.ActiveCfg = Release|x64
		{51CCB21A-EBE0-4B94-84BB-A9B3EC71B910}.Release|x64.Build.0 = Release|x64
		{51CCB21A-EBE0-4B94-84BB-A9B3EC71B910}.Release|x86.ActiveCfg = Release|Win32
		{51CCB21A-EBE0-4B94-84BB-A9B3EC71B910}.Release|x86.Build.0 = Release|Win32
		{933C6FEE-1C97-4FB5-931A-49495B138377}.Debug|x64.ActiveCfg = Debug|x64
		{933C6FEE-1C97-4FB5-931A-49495B138377}.Debug|x64.Build.0 = Debug|x64
		{933C6FEE-1C97-4FB5-931A-49495B138377}.Debug|x86.ActiveCfg = Debug|Win32
		{933C6FEE-1C97-4FB5-931A-49495B138377}.Debug|x86.Build.0 = Debug|Win32
		{933C6FEE-1C97-4FB5-931A-49495B138377}.Release|x64.ActiveCfg = Release|x64
		{933C6FEE-1C97-4FB5-931A-49495B138377}.Release|x64.Build.0 = Release|x64
		{933C6FEE-1C97-4FB5-931A-49495B138377}.Release|x86.ActiveCfg = Release|Win32
		{933C6FEE-1C97-4FB5-931A-49495B138377}.Release|x86.Build.0 = Release|Win32
	EndGlobalSection
	GlobalSection(SolutionProperties) = preSolution
		HideSolutionNode = FALSE
	EndGlobalSection
	GlobalSection(ExtensibilityGlobals) = postSolution
		SolutionGuid = {48E4F7F9-3987-454A-A8AD-C7AC31C33C41}
	EndGlobalSection
EndGlobal
